
Microsoft Visual Studio Solution File, Format Version 12.00
# Visual Studio Version 17
VisualStudioVersion = 17.13.35919.96
MinimumVisualStudioVersion = 10.0.40219.1
Project("{FAE04EC0-301F-11D3-BF4B-00C04F79EFBC}") = "ConsoleApp3", "ConsoleApp3\ConsoleApp3.csproj", "{F3DA0806-4856-4806-AA36-397A9797BC00}"
EndProject
Project("{FAE04EC0-301F-11D3-BF4B-00C04F79EFBC}") = "alap", "alap\alap.csproj", "{29F3D3FF-B5C0-44F8-A841-82F6076BED63}"
EndProject
Project("{FAE04EC0-301F-11D3-BF4B-00C04F79EFBC}") = "Forgoracs_20251126", "Forgoracs_20251126\Forgoracs_20251126.csproj", "{681EF3B2-E3F0-4CE5-9C33-5F9C8DE574A4}"
EndProject
Project("{FAE04EC0-301F-11D3-BF4B-00C04F79EFBC}") = "Helsinki", "Helsinki\Helsinki.csproj", "{0F1643A0-D8CC-4298-ADDE-6CD1FD62D7CC}"
EndProject
Project("{FAE04EC0-301F-11D3-BF4B-00C04F79EFBC}") = "egyszamjatek", "egyszamjatek\egyszamjatek.csproj", "{BCAA74B5-F0AC-4F4E-9E20-3CE8C8F46CBD}"
EndProject
Project("{FAE04EC0-301F-11D3-BF4B-00C04F79EFBC}") = "uzemanyag", "uzemanyag\uzemanyag.csproj", "{1B6617A1-01A1-4905-BCA4-F7F485745A0E}"
EndProject
Project("{FAE04EC0-301F-11D3-BF4B-00C04F79EFBC}") = "ultrabalaton", "ultrabalaton\ultrabalaton.csproj", "{396F6624-9834-40F4-A9EB-423A32FFEB83}"
EndProject
Project("{FAE04EC0-301F-11D3-BF4B-00C04F79EFBC}") = "welcomeMsg", "welcomeMsg\welcomeMsg.csproj", "{E4BB4F54-5635-4EA5-9701-182F36487FB4}"
EndProject
Global
	GlobalSection(SolutionConfigurationPlatforms) = preSolution
		Debug|Any CPU = Debug|Any CPU
		Release|Any CPU = Release|Any CPU
	EndGlobalSection
	GlobalSection(ProjectConfigurationPlatforms) = postSolution
		{F3DA0806-4856-4806-AA36-397A9797BC00}.Debug|Any CPU.ActiveCfg = Debug|Any CPU
		{F3DA0806-4856-4806-AA36-397A9797BC00}.Debug|Any CPU.Build.0 = Debug|Any CPU
		{F3DA0806-4856-4806-AA36-397A9797BC00}.Release|Any CPU.ActiveCfg = Release|Any CPU
		{F3DA0806-4856-4806-AA36-397A9797BC00}.Release|Any CPU.Build.0 = Release|Any CPU
		{29F3D3FF-B5C0-44F8-A841-82F6076BED63}.Debug|Any CPU.ActiveCfg = Debug|Any CPU
		{29F3D3FF-B5C0-44F8-A841-82F6076BED63}.Debug|Any CPU.Build.0 = Debug|Any CPU
		{29F3D3FF-B5C0-44F8-A841-82F6076BED63}.Release|Any CPU.ActiveCfg = Release|Any CPU
		{29F3D3FF-B5C0-44F8-A841-82F6076BED63}.Release|Any CPU.Build.0 = Release|Any CPU
		{681EF3B2-E3F0-4CE5-9C33-5F9C8DE574A4}.Debug|Any CPU.ActiveCfg = Debug|Any CPU
		{681EF3B2-E3F0-4CE5-9C33-5F9C8DE574A4}.Debug|Any CPU.Build.0 = Debug|Any CPU
		{681EF3B2-E3F0-4CE5-9C33-5F9C8DE574A4}.Release|Any CPU.ActiveCfg = Release|Any CPU
		{681EF3B2-E3F0-4CE5-9C33-5F9C8DE574A4}.Release|Any CPU.Build.0 = Release|Any CPU
		{0F1643A0-D8CC-4298-ADDE-6CD1FD62D7CC}.Debug|Any CPU.ActiveCfg = Debug|Any CPU
		{0F1643A0-D8CC-4298-ADDE-6CD1FD62D7CC}.Debug|Any CPU.Build.0 = Debug|Any CPU
		{0F1643A0-D8CC-4298-ADDE-6CD1FD62D7CC}.Release|Any CPU.ActiveCfg = Release|Any CPU
		{0F1643A0-D8CC-4298-ADDE-6CD1FD62D7CC}.Release|Any CPU.Build.0 = Release|Any CPU
		{BCAA74B5-F0AC-4F4E-9E20-3CE8C8F46CBD}.Debug|Any CPU.ActiveCfg = Debug|Any CPU
		{BCAA74B5-F0AC-4F4E-9E20-3CE8C8F46CBD}.Debug|Any CPU.Build.0 = Debug|Any CPU
		{BCAA74B5-F0AC-4F4E-9E20-3CE8C8F46CBD}.Release|Any CPU.ActiveCfg = Release|Any CPU
		{BCAA74B5-F0AC-4F4E-9E20-3CE8C8F46CBD}.Release|Any CPU.Build.0 = Release|Any CPU
		{1B6617A1-01A1-4905-BCA4-F7F485745A0E}.Debug|Any CPU.ActiveCfg = Debug|Any CPU
		{1B6617A1-01A1-4905-BCA4-F7F485745A0E}.Debug|Any CPU.Build.0 = Debug|Any CPU
		{1B6617A1-01A1-4905-BCA4-F7F485745A0E}.Release|Any CPU.ActiveCfg = Release|Any CPU
		{1B6617A1-01A1-4905-BCA4-F7F485745A0E}.Release|Any CPU.Build.0 = Release|Any CPU
		{396F6624-9834-40F4-A9EB-423A32FFEB83}.Debug|Any CPU.ActiveCfg = Debug|Any CPU
		{396F6624-9834-40F4-A9EB-423A32FFEB83}.Debug|Any CPU.Build.0 = Debug|Any CPU
		{396F6624-9834-40F4-A9EB-423A32FFEB83}.Release|Any CPU.ActiveCfg = Release|Any CPU
		{396F6624-9834-40F4-A9EB-423A32FFEB83}.Release|Any CPU.Build.0 = Release|Any CPU
		{E4BB4F54-5635-4EA5-9701-182F36487FB4}.Debug|Any CPU.ActiveCfg = Debug|Any CPU
		{E4BB4F54-5635-4EA5-9701-182F36487FB4}.Debug|Any CPU.Build.0 = Debug|Any CPU
		{E4BB4F54-5635-4EA5-9701-182F36487FB4}.Release|Any CPU.ActiveCfg = Release|Any CPU
		{E4BB4F54-5635-4EA5-9701-182F36487FB4}.Release|Any CPU.Build.0 = Release|Any CPU
	EndGlobalSection
	GlobalSection(SolutionProperties) = preSolution
		HideSolutionNode = FALSE
	EndGlobalSection
	GlobalSection(ExtensibilityGlobals) = postSolution
		SolutionGuid = {AA3FA3A3-8A2C-4C58-9D70-EE6223BCFAB1}
	EndGlobalSection
EndGlobal
